
Microsoft Visual Studio Solution File, Format Version 12.00
# Visual Studio 15
VisualStudioVersion = 15.0.27703.2047
MinimumVisualStudioVersion = 10.0.40219.1
Project("{9A19103F-16F7-4668-BE54-9A1E7A4F7556}") = "BookStoreApi", "BookStoreApi\BookStoreApi.csproj", "{AB25915D-D82F-42D4-8698-2746E6DADBAB}"
EndProject
Global
	GlobalSection(SolutionConfigurationPlatforms) = preSolution
		Debug|Any CPU = Debug|Any CPU
		Release|Any CPU = Release|Any CPU
	EndGlobalSection
	GlobalSection(ProjectConfigurationPlatforms) = postSolution
		{AB25915D-D82F-42D4-8698-2746E6DADBAB}.Debug|Any CPU.ActiveCfg = Debug|Any CPU
		{AB25915D-D82F-42D4-8698-2746E6DADBAB}.Debug|Any CPU.Build.0 = Debug|Any CPU
		{AB25915D-D82F-42D4-8698-2746E6DADBAB}.Release|Any CPU.ActiveCfg = Release|Any CPU
		{AB25915D-D82F-42D4-8698-2746E6DADBAB}.Release|Any CPU.Build.0 = Release|Any CPU
	EndGlobalSection
	GlobalSection(SolutionProperties) = preSolution
		HideSolutionNode = FALSE
	EndGlobalSection
	GlobalSection(ExtensibilityGlobals) = postSolution
		SolutionGuid = {1DE2C511-1C83-4DCE-9BC4-48EFAB9D2F9F}
	EndGlobalSection
EndGlobal
